
Microsoft Visual Studio Solution File, Format Version 12.00
# Visual Studio Version 17
VisualStudioVersion = 17.5.002.0
MinimumVisualStudioVersion = 10.0.40219.1
Project("{9A19103F-16F7-4668-BE54-9A1E7A4F7556}") = "nexus", "nexus\nexus.csproj", "{BAA0186E-F6E8-4ACD-82B6-0A032F6C6F95}"
EndProject
Global
	GlobalSection(SolutionConfigurationPlatforms) = preSolution
		Debug|Any CPU = Debug|Any CPU
		Release|Any CPU = Release|Any CPU
	EndGlobalSection
	GlobalSection(ProjectConfigurationPlatforms) = postSolution
		{BAA0186E-F6E8-4ACD-82B6-0A032F6C6F95}.Debug|Any CPU.ActiveCfg = Debug|Any CPU
		{BAA0186E-F6E8-4ACD-82B6-0A032F6C6F95}.Debug|Any CPU.Build.0 = Debug|Any CPU
		{BAA0186E-F6E8-4ACD-82B6-0A032F6C6F95}.Release|Any CPU.ActiveCfg = Release|Any CPU
		{BAA0186E-F6E8-4ACD-82B6-0A032F6C6F95}.Release|Any CPU.Build.0 = Release|Any CPU
	EndGlobalSection
	GlobalSection(SolutionProperties) = preSolution
		HideSolutionNode = FALSE
	EndGlobalSection
	GlobalSection(ExtensibilityGlobals) = postSolution
		SolutionGuid = {D56FD872-2F9A-4E5A-8F27-9CF3F319C82A}
	EndGlobalSection
EndGlobal
